
Microsoft Visual Studio Solution File, Format Version 12.00
# Visual Studio Version 17
VisualStudioVersion = 17.10.35122.118
MinimumVisualStudioVersion = 10.0.40219.1
Project("{FAE04EC0-301F-11D3-BF4B-00C04F79EFBC}") = "pjQuanLyHocPhi", "pjQuanLyHocPhi\pjQuanLyHocPhi.csproj", "{B46A105B-06DE-43F6-9224-9EFCC1818597}"
EndProject
Global
	GlobalSection(SolutionConfigurationPlatforms) = preSolution
		Debug|Any CPU = Debug|Any CPU
		Release|Any CPU = Release|Any CPU
	EndGlobalSection
	GlobalSection(ProjectConfigurationPlatforms) = postSolution
		{B46A105B-06DE-43F6-9224-9EFCC1818597}.Debug|Any CPU.ActiveCfg = Debug|Any CPU
		{B46A105B-06DE-43F6-9224-9EFCC1818597}.Debug|Any CPU.Build.0 = Debug|Any CPU
		{B46A105B-06DE-43F6-9224-9EFCC1818597}.Release|Any CPU.ActiveCfg = Release|Any CPU
		{B46A105B-06DE-43F6-9224-9EFCC1818597}.Release|Any CPU.Build.0 = Release|Any CPU
	EndGlobalSection
	GlobalSection(SolutionProperties) = preSolution
		HideSolutionNode = FALSE
	EndGlobalSection
	GlobalSection(ExtensibilityGlobals) = postSolution
		SolutionGuid = {4A9958BB-4734-48FE-9143-7BC09CEE4D21}
	EndGlobalSection
EndGlobal
